hash: 0e16a5d763c70972ef40b73eb47fb0c0ef49239a7506d2cf1ab6aa8a43687424
updated: 2019-02-19T12:18:01.759903283-08:00
imports:
- name: github.com/beorn7/perks
  version: 3a771d992973f24aa725d07868b467d1ddfceafb
  subpackages:
  - quantile
- name: github.com/btcsuite/btcd
  version: 306aecffea325e97f513b3ff0cf7895a5310651d
  subpackages:
  - btcec
- name: github.com/davecgh/go-spew
  version: d8f796af33cc11cb798c1aaeb27a4ebc5099927d
  subpackages:
  - spew
- name: github.com/ethereum/go-ethereum
  version: d3ccedc767372007e8b035c3d1f68218c3d59be5
  subpackages:
  - crypto/secp256k1
- name: github.com/go-kit/kit
  version: 10f464fb11741e507cbb5201eb889c37dd51dbab
  subpackages:
  - log
  - log/level
  - log/term
  - metrics
  - metrics/discard
  - metrics/internal/lv
  - metrics/prometheus
- name: github.com/go-logfmt/logfmt
  version: 07c9b44f60d7ffdfb7d8efe1ad539965737836dc
- name: github.com/gogo/protobuf
  version: ba06b47c162d49f2af050fb4c75bcbc86a159d5c
  subpackages:
  - gogoproto
  - jsonpb
  - proto
  - protoc-gen-gogo/descriptor
  - sortkeys
  - types
- name: github.com/golang/protobuf
  version: c823c79ea1570fb5ff454033735a8e68575d1d0f
  subpackages:
  - proto
  - ptypes
  - ptypes/any
  - ptypes/duration
  - ptypes/timestamp
- name: github.com/golang/snappy
  version: 2a8bb927dd31d8daada140a5d09578521ce5c36a
- name: github.com/google/uuid
  version: 9b3b1e0f5f99ae461456d768e7d301a7acdaa2d8
- name: github.com/gorilla/websocket
  version: 7c8e298727d149d7c329b4dec7e94e1932ac5c11
- name: github.com/jasonlvhit/gocron
  version: 6771d4b492ba2d5f57919c04b4cddb3735365120
- name: github.com/jmhodges/levigo
  version: c42d9e0ca023e2198120196f842701bb4c55d7b9
- name: github.com/kr/logfmt
  version: b84e30acd515aadc4b783ad4ff83aff3299bdfe0
- name: github.com/matttproud/golang_protobuf_extensions
  version: c182affec369e30f25d3eb8cd8a478dee585ae7d
  subpackages:
  - pbutil
- name: github.com/pkg/errors
  version: 856c240a51a2bf8fb8269ea7f3f9b046aadde36e
- name: github.com/prometheus/client_golang
  version: 4c99dd66303a54cbf8559dd6110d5c30b1819e4c
  subpackages:
  - prometheus
  - prometheus/internal
  - prometheus/promhttp
- name: github.com/prometheus/client_model
  version: fd36f4220a901265f90734c3183c5f0c91daa0b8
  subpackages:
  - go
- name: github.com/prometheus/common
  version: f866ba39776a736ba5d34760f5fae4ad74e63f2e
  subpackages:
  - expfmt
  - internal/bitbucket.org/ww/goautoneg
  - model
- name: github.com/prometheus/procfs
  version: e4d4a2206da023361ed100d85c5f2cf9c8364e9f
  subpackages:
  - internal/util
  - iostats
  - nfs
  - xfs
- name: github.com/rcrowley/go-metrics
  version: 3113b8401b8a98917cde58f8bbd42a1b1c03b1fd
- name: github.com/rs/cors
  version: 76f58f330d76a55c5badc74f6212e8a15e742c77
- name: github.com/streadway/amqp
  version: 884228600bc96c993ab12fb81ba78bf0c280e88a
- name: github.com/syndtr/goleveldb
  version: 2f17a3356c6616cbfc4ae4c38147dc062a68fb0e
  subpackages:
  - leveldb
  - leveldb/cache
  - leveldb/comparer
  - leveldb/errors
  - leveldb/filter
  - leveldb/iterator
  - leveldb/journal
  - leveldb/memdb
  - leveldb/opt
  - leveldb/storage
  - leveldb/table
  - leveldb/util
- name: github.com/tendermint/go-amino
  version: dc14acf9ef15f85828bfbc561ed9dd9d2a284885
- name: github.com/tendermint/tendermint
  version: 28d75ec8016b7fb043735cbe4c4d92ec73355de7
  subpackages:
  - abci/client
  - abci/example/code
  - abci/example/counter
  - abci/example/kvstore
  - abci/server
  - abci/types
  - blockchain
  - config
  - consensus
  - consensus/types
  - crypto
  - crypto/ed25519
  - crypto/encoding/amino
  - crypto/merkle
  - crypto/multisig
  - crypto/multisig/bitarray
  - crypto/secp256k1
  - crypto/tmhash
  - evidence
  - libs/autofile
  - libs/clist
  - libs/common
  - libs/db
  - libs/events
  - libs/fail
  - libs/flowrate
  - libs/log
  - libs/pubsub
  - libs/pubsub/query
  - mempool
  - node
  - p2p
  - p2p/conn
  - p2p/pex
  - privval
  - proxy
  - rpc/client
  - rpc/core
  - rpc/core/types
  - rpc/grpc
  - rpc/lib/client
  - rpc/lib/server
  - rpc/lib/types
  - state
  - state/txindex
  - state/txindex/kv
  - state/txindex/null
  - types
  - types/time
  - version
- name: golang.org/x/crypto
  version: a4c6cb3142f211c99e4bf4cd769535b29a9b616f
  subpackages:
  - chacha20poly1305
  - curve25519
  - ed25519
  - ed25519/internal/edwards25519
  - hkdf
  - internal/chacha20
  - internal/subtle
  - nacl/box
  - nacl/secretbox
  - poly1305
  - ripemd160
  - salsa20/salsa
- name: golang.org/x/net
  version: 3a22650c66bd7f4fb6d1e8072ffd7b75c8a27898
  subpackages:
  - context
  - http/httpguts
  - http2
  - http2/hpack
  - idna
  - internal/timeseries
  - netutil
  - trace
- name: golang.org/x/sys
  version: 153ac476189d567564fda94622d7a8c0fb338f6b
  subpackages:
  - cpu
  - unix
- name: golang.org/x/text
  version: 6c92c7dc7f53607809182301b96e4cc1975143f1
  subpackages:
  - secure/bidirule
  - transform
  - unicode/bidi
  - unicode/norm
- name: google.golang.org/genproto
  version: 082222b4a5c572e33e82ee9162d1352c7cf38682
  subpackages:
  - googleapis/rpc/status
- name: google.golang.org/grpc
  version: 29c406a5bd0ed61c5752d00c6aabd9fa036ed328
  subpackages:
  - balancer
  - balancer/base
  - balancer/roundrobin
  - binarylog/grpc_binarylog_v1
  - codes
  - connectivity
  - credentials
  - credentials/internal
  - encoding
  - encoding/proto
  - grpclog
  - internal
  - internal/backoff
  - internal/binarylog
  - internal/channelz
  - internal/envconfig
  - internal/grpcrand
  - internal/grpcsync
  - internal/syscall
  - internal/transport
  - keepalive
  - metadata
  - naming
  - peer
  - resolver
  - resolver/dns
  - resolver/passthrough
  - stats
  - status
  - tap
- name: gopkg.in/robfig/cron.v3
  version: dbf322045545dc016828ed3581ae310a1fc1152e
testImports: []
