hash: 2d515a802a372f14e3dba5dcd485d5e1b36f3859c9ec8a9f3e6f37691c7649d2
updated: 2019-05-22T16:28:20.903852169-07:00
imports:
- name: github.com/allegro/bigcache
  version: e24eb225f15679bbe54f91bfa7da3b00e59b9768
  subpackages:
  - queue
- name: github.com/aristanetworks/goarista
  version: 55bc7be9dd319639e5b8f276d66d76dd006df2d1
  subpackages:
  - monotime
- name: github.com/beorn7/perks
  version: 3a771d992973f24aa725d07868b467d1ddfceafb
  subpackages:
  - quantile
- name: github.com/btcsuite/btcd
  version: 306aecffea325e97f513b3ff0cf7895a5310651d
  subpackages:
  - btcec
- name: github.com/chainpoint/go-nist-beacon
  version: 7779b0805bdd6c658bda68f750c0e3996ac57156
- name: github.com/davecgh/go-spew
  version: d8f796af33cc11cb798c1aaeb27a4ebc5099927d
  subpackages:
  - spew
- name: github.com/deckarep/golang-set
  version: 699df6a3acf6867538e50931511e9dc403da108a
- name: github.com/etcd-io/bbolt
  version: 4af6cfab7010371f25e79d9e104890c6377781ab
- name: github.com/ethereum/go-ethereum
  version: 216bd2ceba2eb1708b7bdc7d69cf2984ff972cbf
  subpackages:
  - accounts
  - accounts/abi
  - accounts/abi/bind
  - accounts/keystore
  - common
  - common/hexutil
  - common/math
  - common/mclock
  - common/prque
  - core/types
  - crypto
  - crypto/secp256k1
  - ethclient
  - ethdb
  - event
  - log
  - metrics
  - p2p/netutil
  - params
  - rlp
  - rpc
  - trie
- name: github.com/fsnotify/fsnotify
  version: 1485a34d5d5723fea214f5710708e19a831720e4
- name: github.com/go-kit/kit
  version: 102522abed87468226354b1a1c8c588c81313822
  subpackages:
  - log
  - log/level
  - log/term
  - metrics
  - metrics/discard
  - metrics/internal/lv
  - metrics/prometheus
- name: github.com/go-logfmt/logfmt
  version: 07c9b44f60d7ffdfb7d8efe1ad539965737836dc
- name: github.com/go-redis/redis
  version: 32270910878445e8a59872fd11a8a734db16a1b5
  subpackages:
  - internal
  - internal/consistenthash
  - internal/hashtag
  - internal/pool
  - internal/proto
  - internal/util
- name: github.com/go-stack/stack
  version: 2fee6af1a9795aafbe0253a0cfbdf668e1fb8a9a
- name: github.com/gogo/protobuf
  version: ba06b47c162d49f2af050fb4c75bcbc86a159d5c
  subpackages:
  - gogoproto
  - jsonpb
  - proto
  - protoc-gen-gogo/descriptor
  - sortkeys
  - types
- name: github.com/golang/protobuf
  version: b5d812f8a3706043e23a9cd5babf2e5423744d30
  subpackages:
  - proto
  - ptypes
  - ptypes/any
  - ptypes/duration
  - ptypes/timestamp
- name: github.com/golang/snappy
  version: 2a8bb927dd31d8daada140a5d09578521ce5c36a
- name: github.com/google/uuid
  version: 0cd6bf5da1e1c83f8b45653022c74f71af0538a4
- name: github.com/gorilla/websocket
  version: 7c8e298727d149d7c329b4dec7e94e1932ac5c11
- name: github.com/hashicorp/hcl
  version: 65a6292f0157eff210d03ed1bf6c59b190b8b906
  subpackages:
  - hcl/ast
  - hcl/parser
  - hcl/printer
  - hcl/scanner
  - hcl/strconv
  - hcl/token
  - json/parser
  - json/scanner
  - json/token
- name: github.com/jasonlvhit/gocron
  version: 6771d4b492ba2d5f57919c04b4cddb3735365120
- name: github.com/jmhodges/levigo
  version: 853d788c5c416eaaee5b044570784a96c7a26975
- name: github.com/knq/pemutil
  version: fb6fad722528d308d5fbc9f39e0a9644905ee1cb
- name: github.com/kr/logfmt
  version: b84e30acd515aadc4b783ad4ff83aff3299bdfe0
- name: github.com/lestrrat-go/jwx
  version: 32eeb2c5e6858d4225899310d3b99292f3d19f92
  subpackages:
  - internal/base64
  - internal/option
  - jwa
  - jwk
- name: github.com/lib/pq
  version: 51e2106eed1cea199c802d2a49e91e2491b02056
  subpackages:
  - oid
  - scram
- name: github.com/magiconair/properties
  version: 7757cc9fdb852f7579b24170bcacda2c7471bb6a
- name: github.com/matttproud/golang_protobuf_extensions
  version: c182affec369e30f25d3eb8cd8a478dee585ae7d
  subpackages:
  - pbutil
- name: github.com/miguelmota/go-solidity-sha3
  version: 9010f21d6cc16dbf3856ba0bd889720b973e7501
- name: github.com/mitchellh/mapstructure
  version: 3536a929edddb9a5b34bd6861dc4a9647cb459fe
- name: github.com/pborman/uuid
  version: 8b1b92947f46224e3b97bb1a3a5b0382be00d31e
- name: github.com/pelletier/go-toml
  version: 65b27e6823c427415d156c92d7034dd57a154cf8
- name: github.com/pkg/errors
  version: 27936f6d90f9c8e1145f11ed52ffffbfdb9e0af7
- name: github.com/prometheus/client_golang
  version: 2daed26f633ce23fab5efc02fb3f2e803b3526c3
  subpackages:
  - prometheus
  - prometheus/internal
  - prometheus/promhttp
- name: github.com/prometheus/client_model
  version: fd36f4220a901265f90734c3183c5f0c91daa0b8
  subpackages:
  - go
- name: github.com/prometheus/common
  version: bf857faf208676b0294bd49959aa34c8d98163ed
  subpackages:
  - expfmt
  - internal/bitbucket.org/ww/goautoneg
  - model
- name: github.com/prometheus/procfs
  version: bbced9601137e764853b2fad7ec3e2dc4c504e02
  subpackages:
  - internal/util
  - iostats
  - nfs
  - xfs
- name: github.com/rcrowley/go-metrics
  version: 3113b8401b8a98917cde58f8bbd42a1b1c03b1fd
- name: github.com/rjeczalik/notify
  version: 629144ba06a1c6af28c1e42c228e3d42594ce081
- name: github.com/rs/cors
  version: 76f58f330d76a55c5badc74f6212e8a15e742c77
- name: github.com/spf13/afero
  version: 588a75ec4f32903aa5e39a2619ba6a4631e28424
  subpackages:
  - mem
- name: github.com/spf13/cast
  version: 8c9545af88b134710ab1cd196795e7f2388358d7
- name: github.com/spf13/jwalterweatherman
  version: 94f6ae3ed3bceceafa716478c5fbf8d29ca601a1
- name: github.com/spf13/pflag
  version: 24fa6976df40757dce6aea913e7b81ade90530e1
- name: github.com/spf13/viper
  version: 7a605a50e69cd1ea431c4a1e6eebe9b287ef6de4
- name: github.com/streadway/amqp
  version: 30f8ed68076eedf14990dafc696f469f58fc1342
- name: github.com/syndtr/goleveldb
  version: 3a907f965fc16db5f7787e18d4434bbe46d47f6e
  subpackages:
  - leveldb
  - leveldb/cache
  - leveldb/comparer
  - leveldb/errors
  - leveldb/filter
  - leveldb/iterator
  - leveldb/journal
  - leveldb/memdb
  - leveldb/opt
  - leveldb/storage
  - leveldb/table
  - leveldb/util
- name: github.com/tendermint/go-amino
  version: dc14acf9ef15f85828bfbc561ed9dd9d2a284885
- name: github.com/tendermint/tendermint
  version: 4253e67c07c69be6d7f7263ab03944ce30a9fc90
  subpackages:
  - abci/client
  - abci/example/code
  - abci/example/counter
  - abci/example/kvstore
  - abci/server
  - abci/types
  - blockchain
  - config
  - consensus
  - consensus/types
  - crypto
  - crypto/ed25519
  - crypto/encoding/amino
  - crypto/merkle
  - crypto/multisig
  - crypto/multisig/bitarray
  - crypto/secp256k1
  - crypto/secp256k1/internal/secp256k1
  - crypto/tmhash
  - evidence
  - libs/autofile
  - libs/cli/flags
  - libs/clist
  - libs/common
  - libs/db
  - libs/events
  - libs/fail
  - libs/flowrate
  - libs/log
  - libs/pubsub
  - libs/pubsub/query
  - mempool
  - mock
  - node
  - p2p
  - p2p/conn
  - p2p/pex
  - privval
  - proxy
  - rpc/client
  - rpc/core
  - rpc/core/types
  - rpc/grpc
  - rpc/lib/client
  - rpc/lib/server
  - rpc/lib/types
  - state
  - state/txindex
  - state/txindex/kv
  - state/txindex/null
  - types
  - types/time
  - version
- name: github.com/uber-go/zap
  version: 27376062155ad36be76b0f12cf1572a221d3a48c
- name: golang.org/x/crypto
  version: 8dd112bcdc25174059e45e07517d9fc663123347
  subpackages:
  - chacha20poly1305
  - curve25519
  - ed25519
  - ed25519/internal/edwards25519
  - hkdf
  - internal/chacha20
  - internal/subtle
  - nacl/box
  - nacl/secretbox
  - pbkdf2
  - poly1305
  - ripemd160
  - salsa20/salsa
  - scrypt
  - sha3
- name: golang.org/x/net
  version: 16b79f2e4e95ea23b2bf9903c9809ff7b013ce85
  subpackages:
  - context
  - http/httpguts
  - http2
  - http2/hpack
  - idna
  - internal/timeseries
  - netutil
  - trace
  - websocket
- name: golang.org/x/sys
  version: e844e0132e93db857c984c24fd4fc86815e43be3
  subpackages:
  - cpu
  - unix
- name: golang.org/x/text
  version: d14c52b222ee852cdba8b07206ca0c614b389876
  subpackages:
  - secure/bidirule
  - transform
  - unicode/bidi
  - unicode/norm
- name: google.golang.org/genproto
  version: 4f5b463f9597cbe0dd13a6a2cd4f85e788d27508
  subpackages:
  - googleapis/rpc/status
- name: google.golang.org/grpc
  version: 45890ffd9e533ea1d7555737205707de67ebe453
  subpackages:
  - balancer
  - balancer/base
  - balancer/roundrobin
  - binarylog/grpc_binarylog_v1
  - codes
  - connectivity
  - credentials
  - credentials/internal
  - encoding
  - encoding/proto
  - grpclog
  - internal
  - internal/backoff
  - internal/binarylog
  - internal/channelz
  - internal/envconfig
  - internal/grpcrand
  - internal/grpcsync
  - internal/syscall
  - internal/transport
  - keepalive
  - metadata
  - naming
  - peer
  - resolver
  - resolver/dns
  - resolver/passthrough
  - stats
  - status
  - tap
- name: gopkg.in/natefinch/npipe.v2
  version: c1b8fa8bdccecb0b8db834ee0b92fdbcfa606dd6
- name: gopkg.in/robfig/cron.v3
  version: dbf322045545dc016828ed3581ae310a1fc1152e
- name: gopkg.in/yaml.v2
  version: 51d6538a90f86fe93ac480b35f37b2be17fef232
testImports:
- name: github.com/pmezard/go-difflib
  version: 5d4384ee4fb2527b0a1256a821ebfc92f91efefc
  subpackages:
  - difflib
- name: github.com/stretchr/testify
  version: 34c6fa2dc70986bccbbffcc6130f6920a924b075
  subpackages:
  - assert
