# This file is autogenerated, do not edit; changes may be undone by the next 'dep ensure'.


[[projects]]
  digest = "1:e4b30804a381d7603b8a344009987c1ba351c26043501b23b8c7ce21f0b67474"
  name = "github.com/BurntSushi/toml"
  packages = ["."]
  pruneopts = ""
  revision = "3012a1dbe2e4bd1391d42b32f0577cb7bbc7f005"
  version = "v0.3.1"

[[projects]]
  digest = "1:faa0c8ab59056b1c6aa32c3823ce4a8e60b61af97242cfb21718d3f648404b38"
  name = "github.com/ChainSafe/go-schnorrkel"
  packages = ["."]
  pruneopts = ""
  revision = "74e22bf42a85933dc9c7b2f6716cbe97810c0b82"
  version = "0.0.1"

[[projects]]
  digest = "1:10c3f983a9e788caef23014e26fd0a2ff0336735f38f1494453e537844ed1384"
  name = "github.com/Workiva/go-datastructures"
  packages = ["queue"]
  pruneopts = ""
  revision = "0819bcaf26091e7c33585441f8961854c2400faa"
  version = "v1.0.52"

[[projects]]
  branch = "master"
  digest = "1:3fed66b0260f3a1699bac9defbf55764a2f1cf887b0aae5bdc9ea55bf14649bf"
  name = "github.com/aead/chacha20"
  packages = [
    ".",
    "chacha",
  ]
  pruneopts = ""
  revision = "8b13a72661dae6e9e5dea04f344f0dc95ea29547"

[[projects]]
  digest = "1:14facdbf12ed0c3eb5670b23533ade364315060cb3aa654080023659df57cfef"
  name = "github.com/aead/siphash"
  packages = ["."]
  pruneopts = ""
  revision = "83563a290f60225eb120d724600b9690c3fb536f"
  version = "v1.0.1"

[[projects]]
  digest = "1:ac2a05be7167c495fe8aaf8aaf62ecf81e78d2180ecb04e16778dc6c185c96a5"
  name = "github.com/beorn7/perks"
  packages = ["quantile"]
  pruneopts = ""
  revision = "37c8de3658fcb183f997c4e13e8337516ab753e6"
  version = "v1.0.1"

[[projects]]
  digest = "1:d00068d5d9861ab4609e48056edf1567cd9296f2105f881fed93887822e04544"
  name = "github.com/btcsuite/btcd"
  packages = [
    "addrmgr",
    "blockchain",
    "btcec",
    "btcjson",
    "chaincfg",
    "chaincfg/chainhash",
    "connmgr",
    "database",
    "integration/rpctest",
    "peer",
    "rpcclient",
    "txscript",
    "wire",
  ]
  pruneopts = ""
  revision = "f3ec13030e4e828869954472cbc51ac36bee5c1d"
  version = "v0.20.1-beta"

[[projects]]
  branch = "master"
  digest = "1:30d4a548e09bca4a0c77317c58e7407e2a65c15325e944f9c08a7b7992f8a59e"
  name = "github.com/btcsuite/btclog"
  packages = ["."]
  pruneopts = ""
  revision = "84c8d2346e9fc8c7b947e243b9c24e6df9fd206a"

[[projects]]
  digest = "1:b90e2ea44a6904f7c9d04a5344788653ed72e56523b45bee2520e5f0254d0b8b"
  name = "github.com/btcsuite/btcutil"
  packages = [
    ".",
    "base58",
    "bech32",
    "gcs",
    "gcs/builder",
    "hdkeychain",
    "txsort",
  ]
  pruneopts = ""
  revision = "b2bf7f89d674a3702182b7e15f52807896051af3"
  version = "v1.0.2"

[[projects]]
  digest = "1:50d3aa2117ceff3b1831b2edda34f10775010b0c0f3ae1772ab4eb0a66ce2bd8"
  name = "github.com/btcsuite/btcwallet"
  packages = [
    "chain",
    "internal/legacy/keystore",
    "internal/legacy/rename",
    "internal/prompt",
    "internal/zero",
    "snacl",
    "waddrmgr",
    "wallet",
    "wallet/txauthor",
    "wallet/txrules",
    "wallet/txsizes",
    "walletdb",
    "walletdb/migration",
    "wtxmgr",
  ]
  pruneopts = ""
  revision = "b19df70dddb66b27902f48cc48e69741909ef2e9"
  version = "v0.11.0"

[[projects]]
  branch = "master"
  digest = "1:422f38d57f1bc0fdc34f26d0f1026869a3710400b09b5478c9288efa13573cfa"
  name = "github.com/btcsuite/go-socks"
  packages = ["socks"]
  pruneopts = ""
  revision = "4720035b7bfd2a9bb130b1c184f8bbe41b6f0d0f"

[[projects]]
  branch = "master"
  digest = "1:dfc248d5e6e1582fdec83796d3d1d451aa6cae773c4e4ba1dac2838caef6d381"
  name = "github.com/btcsuite/websocket"
  packages = ["."]
  pruneopts = ""
  revision = "31079b6807923eb23992c421b114992b95131b55"

[[projects]]
  digest = "1:d2d266008e5eace1340e63cfb4ecdfc4033839a47c8dea720c4d9f2b938671cd"
  name = "github.com/chainpoint/tendermint"
  packages = ["abci/example/code"]
  pruneopts = ""
  revision = "af992361055b5541c1bd388994e386652e4d7254"
  version = "v0.33.0"

[[projects]]
  digest = "1:988feb3d21be75c16b9d45d824d64534e346664ebbcae38eee5e0085415dc242"
  name = "github.com/coreos/bbolt"
  packages = ["."]
  pruneopts = ""
  revision = "232d8fc87f50244f9c808f4745759e08a304c029"
  version = "v1.3.5"

[[projects]]
  digest = "1:0deddd908b6b4b768cfc272c16ee61e7088a60f7fe2f06c547bd3d8e1f8b8e77"
  name = "github.com/davecgh/go-spew"
  packages = ["spew"]
  pruneopts = ""
  revision = "8991bc29aa16c548c550c7ff78260e27b9ab7c73"
  version = "v1.1.1"

[[projects]]
  digest = "1:2841841c90842645c6a3ed260fa4242a18e1f2f4edd309d40347443b2c662fcb"
  name = "github.com/drand/drand"
  packages = [
    "chain",
    "client",
    "client/grpc",
    "fs",
    "key",
    "log",
    "metrics",
    "protobuf/crypto/dkg",
    "protobuf/drand",
  ]
  pruneopts = ""
  revision = "7108fcd0e58c888686de3e80a732210680a96761"
  version = "v1.0.0-rc1"

[[projects]]
  digest = "1:dc1b7546a419cb4b7965a287a50875c5b8bc9dee741f5ec5a6a39af9d206616a"
  name = "github.com/drand/kyber"
  packages = [
    ".",
    "encrypt/ecies",
    "group/internal/marshalling",
    "group/mod",
    "pairing",
    "share",
    "share/dkg",
    "sign",
    "sign/bls",
    "sign/tbls",
    "util/random",
    "xof/blake2xb",
  ]
  pruneopts = ""
  revision = "d63cace830076fb2f270442453e0b269c37d9cb2"
  version = "v1.1.1"

[[projects]]
  digest = "1:d9eeba27283d4dd3fade7f55e2c9a4194f19936ccd4648f5d162a6b42080ccaa"
  name = "github.com/drand/kyber-bls12381"
  packages = ["."]
  pruneopts = ""
  revision = "bbbf073a295a0f60d015c327573c67738c08dedd"
  version = "v0.1.0"

[[projects]]
  digest = "1:988feb3d21be75c16b9d45d824d64534e346664ebbcae38eee5e0085415dc242"
  name = "github.com/etcd-io/bbolt"
  packages = ["."]
  pruneopts = ""
  revision = "232d8fc87f50244f9c808f4745759e08a304c029"
  version = "v1.3.5"

[[projects]]
  digest = "1:e3e8c621192d33a2885695cca9de9c15a56c992e6e72e5e1fdd4bcaa1a08efc4"
  name = "github.com/ethereum/go-ethereum"
  packages = [
    "common",
    "common/hexutil",
  ]
  pruneopts = ""
  revision = "0f77f34bb67b640bd8af22b215f3d279a1e21170"
  version = "v1.9.15"

[[projects]]
  digest = "1:e47ef65c4d3a37884ab29fb4b5c31e826c8fba04caf81da45607d3fba022f7d7"
  name = "github.com/fsnotify/fsnotify"
  packages = ["."]
  pruneopts = ""
  revision = "45d7d09e39ef4ac08d493309fa031790c15bfe8a"
  version = "v1.4.9"

[[projects]]
  digest = "1:6620a2846e620b336589751988e2b5907cc80a5ee1f3170eb2423304f996eaeb"
  name = "github.com/go-errors/errors"
  packages = ["."]
  pruneopts = ""
  revision = "7c023725d0115f2e05423b2b43a8f85c42f7a6af"
  version = "v1.1.1"

[[projects]]
  digest = "1:324437ddda77526fea02c29a2208ef1260e7a96ff0202965143215941564c400"
  name = "github.com/go-kit/kit"
  packages = [
    "log",
    "log/level",
    "log/term",
    "metrics",
    "metrics/discard",
    "metrics/internal/lv",
    "metrics/prometheus",
  ]
  pruneopts = ""
  revision = "cc938d52e0cdf4c811ab203f428fcd06f9d9a148"
  version = "v0.10.0"

[[projects]]
  digest = "1:aa9a6ccd5fd7d29804a27cb0666bc4ac5eb4b73439b7edd54f4b377e5ef8bb47"
  name = "github.com/go-logfmt/logfmt"
  packages = ["."]
  pruneopts = ""
  revision = "3be5f6aae7db841d31dc5e1b3bb7b4cff19200b3"
  version = "v0.5.0"

[[projects]]
  digest = "1:d819edb31c249b00bef9d4795e4331ef19adbddb3802d24adcff3711d82f63ed"
  name = "github.com/go-redis/redis"
  packages = [
    ".",
    "internal",
    "internal/consistenthash",
    "internal/hashtag",
    "internal/pool",
    "internal/proto",
    "internal/util",
  ]
  pruneopts = ""
  revision = "2aca83490d09584301390a787777fbe5a0fc4a96"
  version = "v6.15.8"

[[projects]]
  digest = "1:d69d2ba23955582a64e367ff2b0808cdbd048458c178cea48f11ab8c40bd7aea"
  name = "github.com/gogo/protobuf"
  packages = [
    "gogoproto",
    "jsonpb",
    "proto",
    "protoc-gen-gogo/descriptor",
    "sortkeys",
    "types",
  ]
  pruneopts = ""
  revision = "5628607bb4c51c3157aacc3a50f0ab707582b805"
  version = "v1.3.1"

[[projects]]
  digest = "1:02c7a8570f619bdb5620e8f6a16407455c8e63433d8a9e829f618813dc7f89a5"
  name = "github.com/golang/protobuf"
  packages = [
    "descriptor",
    "jsonpb",
    "proto",
    "protoc-gen-go/descriptor",
    "ptypes",
    "ptypes/any",
    "ptypes/duration",
    "ptypes/timestamp",
    "ptypes/wrappers",
  ]
  pruneopts = ""
  revision = "d04d7b157bb510b1e0c10132224b616ac0e26b17"
  version = "v1.4.2"

[[projects]]
  digest = "1:6a6322a15aa8e99bd156fbba0aae4e5d67b4bb05251d860b348a45dfdcba9cce"
  name = "github.com/golang/snappy"
  packages = ["."]
  pruneopts = ""
  revision = "2a8bb927dd31d8daada140a5d09578521ce5c36a"
  version = "v0.0.1"

[[projects]]
  digest = "1:ad92aa49f34cbc3546063c7eb2cabb55ee2278b72842eda80e2a20a8a06a8d73"
  name = "github.com/google/uuid"
  packages = ["."]
  pruneopts = ""
  revision = "0cd6bf5da1e1c83f8b45653022c74f71af0538a4"
  version = "v1.1.1"

[[projects]]
  digest = "1:20e3b61797cba6a42b110320b703a0b86e2771f324411e75557c2acbc819b1b5"
  name = "github.com/gorilla/mux"
  packages = ["."]
  pruneopts = ""
  revision = "98cb6bf42e086f6af920b965c38cacc07402d51b"
  version = "v1.8.0"

[[projects]]
  digest = "1:5122b0b5a933bd0e16b887aa7844933c8a09fb5ba9b5f5651253cb5336c6462a"
  name = "github.com/gorilla/websocket"
  packages = ["."]
  pruneopts = ""
  revision = "b65e62901fc1c0d968042419e74789f6af455eb9"
  version = "v1.4.2"

[[projects]]
  digest = "1:e24dc5ef44694848785de507f439a24e9e6d96d7b43b8cf3d6cfa857aa1e2186"
  name = "github.com/grpc-ecosystem/go-grpc-prometheus"
  packages = ["."]
  pruneopts = ""
  revision = "c225b8c3b01faf2899099b768856a9e916e5087b"
  version = "v1.2.0"

[[projects]]
  digest = "1:98f03192de6834b9ef4e1c7e0d82d68bbc4c617d08d5b41811e7a606a1e2a998"
  name = "github.com/grpc-ecosystem/grpc-gateway"
  packages = [
    "internal",
    "runtime",
    "utilities",
  ]
  pruneopts = ""
  revision = "7988867d3206f7e90ca3e8d4ab67e060734a297a"
  version = "v1.14.6"

[[projects]]
  digest = "1:3b44ee5e475de2c07c01dfb3e3b79b91c52982fc7709155741624ee0bf4fc605"
  name = "github.com/gtank/merlin"
  packages = ["."]
  pruneopts = ""
  revision = "8318aed1a79f2b4c16cf2d7c2f09d991ec0731d1"
  version = "v0.1.1"

[[projects]]
  digest = "1:1931e2dca72dba6afebbbb8b32e92c9199bc2d43a2fee3cab5c02662c02881c5"
  name = "github.com/gtank/ristretto255"
  packages = [
    ".",
    "internal/edwards25519",
    "internal/radix51",
    "internal/scalar",
  ]
  pruneopts = ""
  revision = "f33454717c935f5c93978e82b7bd1e848768bb91"
  version = "v0.1.2"

[[projects]]
  digest = "1:8e3bd93036b4a925fe2250d3e4f38f21cadb8ef623561cd80c3c50c114b13201"
  name = "github.com/hashicorp/errwrap"
  packages = ["."]
  pruneopts = ""
  revision = "8a6fb523712970c966eefc6b39ed2c5e74880354"
  version = "v1.0.0"

[[projects]]
  digest = "1:c6e569ffa34fcd24febd3562bff0520a104d15d1a600199cb3141debf2e58c89"
  name = "github.com/hashicorp/go-multierror"
  packages = ["."]
  pruneopts = ""
  revision = "2004d9dba6b07a5b8d133209244f376680f9d472"
  version = "v1.1.0"

[[projects]]
  digest = "1:e9ba8bd7f740264f703a41911c9523fb06aaf439dd899cedb263aadddc4be90e"
  name = "github.com/hashicorp/golang-lru"
  packages = [
    ".",
    "simplelru",
  ]
  pruneopts = ""
  revision = "14eae340515388ca95aa8e7b86f0de668e981f54"
  version = "v0.5.4"

[[projects]]
  digest = "1:d14365c51dd1d34d5c79833ec91413bfbb166be978724f15701e17080dc06dec"
  name = "github.com/hashicorp/hcl"
  packages = [
    ".",
    "hcl/ast",
    "hcl/parser",
    "hcl/printer",
    "hcl/scanner",
    "hcl/strconv",
    "hcl/token",
    "json/parser",
    "json/scanner",
    "json/token",
  ]
  pruneopts = ""
  revision = "8cb6e5b959231cc1119e43259c4a608f9c51a241"
  version = "v1.0.0"

[[projects]]
  digest = "1:67259578b10db5c8357e9c1084ab9272f1fa4a1d7563c4a02600f6b5f319ea50"
  name = "github.com/jmhodges/levigo"
  packages = ["."]
  pruneopts = ""
  revision = "853d788c5c416eaaee5b044570784a96c7a26975"
  version = "v1.0.0"

[[projects]]
  digest = "1:80178c385273ade9d14d523f23397468a70a3c14f9ab2b1b8c52cf35dbebe03d"
  name = "github.com/jrick/logrotate"
  packages = ["rotator"]
  pruneopts = ""
  revision = "a93b200c26cbae3bb09dd0dc2c7c7fe1468a034a"
  version = "v1.0.0"

[[projects]]
  branch = "master"
  digest = "1:f08d2675f498afc3da8b2b03bd8c511390bfd78d1e936c3dcebd9f3f32e0e64a"
  name = "github.com/kilic/bls12-381"
  packages = ["."]
  pruneopts = ""
  revision = "32e1441c8a9fe8da0a62e08c4ff7c28b40ef5d90"

[[projects]]
  digest = "1:8132f68929fc99f8ce849fd49097511cb33bfffe47b8e37a440032db78c7cbe8"
  name = "github.com/kkdai/bstream"
  packages = ["."]
  pruneopts = ""
  revision = "a8d27c5aa8eedad6b6683069d64b96ece63696db"
  version = "v1.0.0"

[[projects]]
  branch = "master"
  digest = "1:80b492f8b54e0f92270b58aebdfe89ecb47d58fc8f2e30599a517a71f28fdfee"
  name = "github.com/knq/pemutil"
  packages = ["."]
  pruneopts = ""
  revision = "fb6fad722528d308d5fbc9f39e0a9644905ee1cb"

[[projects]]
  digest = "1:d2851505a0cd5ae782415f64281d25a435c9b2357e914df36bf3333ad2bc002b"
  name = "github.com/lestrrat-go/jwx"
  packages = [
    "internal/base64",
    "internal/option",
    "jwa",
    "jwk",
  ]
  pruneopts = ""
  revision = "1402056cec6d7faba7454657f7bf180b2b1f14d5"
  version = "v0.9.2"

[[projects]]
  digest = "1:d9cb8bd18629010862821f30d8fed217ecd81bfff5e77e8d4b492bfdaef3c6f9"
  name = "github.com/lib/pq"
  packages = [
    ".",
    "oid",
    "scram",
  ]
  pruneopts = ""
  revision = "8ae9eeaa02388a26cd5586023a0c4166c021a83d"
  version = "v1.7.0"

[[projects]]
  digest = "1:e2beacef2053964dea3a7b8ccb105a46d101274cbce02698b1f0db630bb39046"
  name = "github.com/libp2p/go-buffer-pool"
  packages = ["."]
  pruneopts = ""
  revision = "c4a5988a1e475884367015e1a2d0bd5fa4c491f4"
  version = "v0.0.2"

[[projects]]
  branch = "master"
  digest = "1:8f0cb70261e103927bc950a49e9ca3176ec9b752491c3f0ab97d6d6da707a275"
  name = "github.com/lightninglabs/gozmq"
  packages = ["."]
  pruneopts = ""
  revision = "d20a764486bf506bc045642e455bc7f0d21b232a"

[[projects]]
  digest = "1:ab10b3e71bb1e9f22396b547048f8f0c0b2d3a4ee08defc621cd4db208e806fa"
  name = "github.com/lightninglabs/neutrino"
  packages = [
    ".",
    "banman",
    "blockntfns",
    "cache",
    "cache/lru",
    "chainsync",
    "filterdb",
    "headerfs",
    "headerlist",
    "pushtx",
    "query",
  ]
  pruneopts = ""
  revision = "e6008cebf1d97fc49e468d8caa8b6eb13f27cbe1"
  version = "v0.11.0"

[[projects]]
  digest = "1:c013afc2a60eab3171eb7b9a329ae31365de735698f9b8521fd6b18c2701c35f"
  name = "github.com/lightningnetwork/lightning-onion"
  packages = ["."]
  pruneopts = ""
  revision = "25954be99ab05ad18ae745a00f81f271ae3590c4"
  version = "v1.0.1"

[[projects]]
  branch = "latest"
  digest = "1:9469aa3dad5269a7952573f2b978db3ad55b6ae51f373d77414b82fdbb95fdba"
  name = "github.com/lightningnetwork/lnd"
  packages = [
    "brontide",
    "build",
    "chainntnfs",
    "channeldb",
    "channeldb/migration12",
    "channeldb/migration_01_to_11",
    "feature",
    "htlcswitch/hop",
    "input",
    "keychain",
    "lncfg",
    "lnrpc",
    "lnrpc/signrpc",
    "lnrpc/walletrpc",
    "lntypes",
    "lnwallet",
    "lnwallet/chainfee",
    "lnwallet/chanfunding",
    "lnwallet/chanvalidate",
    "lnwire",
    "macaroons",
    "queue",
    "record",
    "routing/route",
    "shachain",
    "sweep",
    "ticker",
    "tlv",
    "tor",
    "watchtower",
    "watchtower/blob",
    "watchtower/lookout",
    "watchtower/wtdb",
    "watchtower/wtpolicy",
    "watchtower/wtserver",
    "watchtower/wtwire",
    "zpay32",
  ]
  pruneopts = ""
  revision = "e5cbb68744d521786779080dec4049af0af50b33"
  source = "github.com/tierion/lnd"

[[projects]]
  digest = "1:816cd1a26035880565d7d2570ef220147a20249002931eb775eebac332619a9f"
  name = "github.com/ltcsuite/ltcd"
  packages = [
    "chaincfg",
    "chaincfg/chainhash",
    "wire",
  ]
  pruneopts = ""
  revision = "4faa85afe0ded0dc7316ad0fa2912c3ae3507794"
  version = "v0.20.1-beta"

[[projects]]
  digest = "1:ae39921edb7f801f7ce1b6b5484f9715a1dd2b52cb645daef095cd10fd6ee774"
  name = "github.com/magiconair/properties"
  packages = ["."]
  pruneopts = ""
  revision = "de8848e004dd33dc07a2947b3d76f618a7fc7ef1"
  version = "v1.8.1"

[[projects]]
  digest = "1:63722a4b1e1717be7b98fc686e0b30d5e7f734b9e93d7dee86293b6deab7ea28"
  name = "github.com/matttproud/golang_protobuf_extensions"
  packages = ["pbutil"]
  pruneopts = ""
  revision = "c12348ce28de40eed0136aa2b644d0ee0650e56c"
  version = "v1.0.1"

[[projects]]
  digest = "1:22b76af535c6d55c0d69b280c88a5fd77ff09e618907e440fa35064247652fc0"
  name = "github.com/miekg/dns"
  packages = ["."]
  pruneopts = ""
  revision = "f515aa579d28efa1af67d9a62cc57f2dfe59da76"
  version = "v1.1.29"

[[projects]]
  branch = "master"
  digest = "1:89099223a1ab814faeec32f1be80525d282435d3e8afacddda5c43283028c2e7"
  name = "github.com/mimoo/StrobeGo"
  packages = ["strobe"]
  pruneopts = ""
  revision = "f8f6d4d2b6435f46148e8a6dc2248939893f3ece"

[[projects]]
  digest = "1:de4636f0f056323b219d21190e4fa27fe707030b3890878d361405251f50bd39"
  name = "github.com/minio/highwayhash"
  packages = ["."]
  pruneopts = ""
  revision = "02ca4b43caa3297fbb615700d8800acc7933be98"
  version = "v1.0.0"

[[projects]]
  digest = "1:f38ffb07bb3cd89142e10f7dce5fa98d269ef82d1b2963879973584b08f9cd9c"
  name = "github.com/mitchellh/mapstructure"
  packages = ["."]
  pruneopts = ""
  revision = "d16e9488127408e67948eb43b6d3fbb9f222da10"
  version = "v1.3.2"

[[projects]]
  branch = "master"
  digest = "1:fa1e6169ee4d6c1803a78fa34856f3eb1c2933ae3559464859eebd4d62950ac6"
  name = "github.com/nikkolasg/hexjson"
  packages = ["."]
  pruneopts = ""
  revision = "78e39397e00c19adc06d5f44810e4694f251866d"

[[projects]]
  digest = "1:3d899fe7ce211d8c9d44058df04c309b440acda454a4b46bab3dc5d907e5a301"
  name = "github.com/pelletier/go-toml"
  packages = ["."]
  pruneopts = ""
  revision = "16c9a8bdc086a2130a88eff98df4088e4c359bb2"
  version = "v1.8.0"

[[projects]]
  digest = "1:c45802472e0c06928cd997661f2af610accd85217023b1d5f6331bebce0671d3"
  name = "github.com/pkg/errors"
  packages = ["."]
  pruneopts = ""
  revision = "614d223910a179a466c1767a985424175c39b465"
  version = "v0.9.1"

[[projects]]
  digest = "1:256484dbbcd271f9ecebc6795b2df8cad4c458dd0f5fd82a8c2fa0c29f233411"
  name = "github.com/pmezard/go-difflib"
  packages = ["difflib"]
  pruneopts = ""
  revision = "792786c7400a136282c1664665ae0a8db921c6c2"
  version = "v1.0.0"

[[projects]]
  digest = "1:6bea0cda3fc62855d5312163e7d259fb97e31692d93c08cfffbeb2d00df0f13c"
  name = "github.com/prometheus/client_golang"
  packages = [
    "prometheus",
    "prometheus/internal",
    "prometheus/promhttp",
  ]
  pruneopts = ""
  revision = "170205fb58decfd011f1550d4cfb737230d7ae4f"
  version = "v1.1.0"

[[projects]]
  digest = "1:ade2df4d865299d2b042955eb4fdd9d60698b26cf3da10f1138a9bfefe9cd2c6"
  name = "github.com/prometheus/client_model"
  packages = ["go"]
  pruneopts = ""
  revision = "7bc5445566f0fe75b15de23e6b93886e982d7bf9"
  version = "v0.2.0"

[[projects]]
  digest = "1:b9c6df3d46adfcbfaf0c14682e4640e245bed8ebca818eafc3df801bc2f46398"
  name = "github.com/prometheus/common"
  packages = [
    "expfmt",
    "internal/bitbucket.org/ww/goautoneg",
    "model",
  ]
  pruneopts = ""
  revision = "6162074431988128c0a63a91ed22b11685777868"
  version = "v0.10.0"

[[projects]]
  digest = "1:11307a39b4c12eabe9270fc5010f8c4f87c5290635b044512b96c0bbcf3351f3"
  name = "github.com/prometheus/procfs"
  packages = [
    ".",
    "internal/fs",
    "internal/util",
  ]
  pruneopts = ""
  revision = "3a900613711866765af641f387dad41b639dbdc4"
  version = "v0.1.3"

[[projects]]
  branch = "master"
  digest = "1:501966c414275e9a86a290f4d227939718add43b3142a60843ed1e18e48a4925"
  name = "github.com/rcrowley/go-metrics"
  packages = ["."]
  pruneopts = ""
  revision = "10cdbea86bc0b922507ce91d43f4f78a5bea2e8f"

[[projects]]
  digest = "1:123a05e529da275a1f0deb61bd8adfd1d8ef0ecd642120c8c1bf79ab8f91cf33"
  name = "github.com/rogpeppe/fastuuid"
  packages = ["."]
  pruneopts = ""
  revision = "10c3923834d38e951ae8f627bfec2dc632c5b6cb"
  version = "v1.2.0"

[[projects]]
  digest = "1:1b2b34c281548413e60ec8a0efb951e75820bc6d1ee25f6d3c83fde0add004c3"
  name = "github.com/rs/cors"
  packages = ["."]
  pruneopts = ""
  revision = "db0fe48135e83b5812a5a31be0eea66984b1b521"
  version = "v1.7.0"

[[projects]]
  digest = "1:fe09436d64ff8efe5807de82b05c421dafa598f18a3ef74affb5b55af76e55c0"
  name = "github.com/spf13/afero"
  packages = [
    ".",
    "mem",
  ]
  pruneopts = ""
  revision = "1524d0a48baf070afc40a397f4ac0cfb0a490c92"
  version = "v1.3.0"

[[projects]]
  digest = "1:0a3d8f7dc17afdc30a5a5becb45fb91ff28aaa64645c69836ccd600d88e9ed9e"
  name = "github.com/spf13/cast"
  packages = ["."]
  pruneopts = ""
  revision = "1ffadf551085444af981432dd0f6d1160c11ec64"
  version = "v1.3.1"

[[projects]]
  digest = "1:cc15ae4fbdb02ce31f3392361a70ac041f4f02e0485de8ffac92bd8033e3d26e"
  name = "github.com/spf13/jwalterweatherman"
  packages = ["."]
  pruneopts = ""
  revision = "94f6ae3ed3bceceafa716478c5fbf8d29ca601a1"
  version = "v1.1.0"

[[projects]]
  digest = "1:688428eeb1ca80d92599eb3254bdf91b51d7e232fead3a73844c1f201a281e51"
  name = "github.com/spf13/pflag"
  packages = ["."]
  pruneopts = ""
  revision = "2e9d26c8c37aae03e3f9d4e90b7116f5accb7cab"
  version = "v1.0.5"

[[projects]]
  digest = "1:39686bb97e5ab2702390b0c208ae3f4743816c737b4be9d97d0a2d4595ae6a5f"
  name = "github.com/spf13/viper"
  packages = ["."]
  pruneopts = ""
  revision = "13df72109047b6ae9c907bce81e327265d6d8a9c"
  version = "v1.7.0"

[[projects]]
  digest = "1:cd6cc5fd9292f991aff941df146e952f11630748cba7283a55bc401637eb7661"
  name = "github.com/streadway/amqp"
  packages = ["."]
  pruneopts = ""
  revision = "1c71cc93ed716f9a6f4c2ae8955c25f9176d9f19"
  version = "v1.0.0"

[[projects]]
  digest = "1:83fd2513b9f6ae0997bf646db6b74e9e00131e31002116fda597175f25add42d"
  name = "github.com/stretchr/testify"
  packages = ["assert"]
  pruneopts = ""
  revision = "f654a9112bbeac49ca2cd45bfbe11533c4666cf8"
  version = "v1.6.1"

[[projects]]
  digest = "1:e818a738c880c5571b3817e9173add5c598a90f8615fa7a9bafc23fea774a603"
  name = "github.com/subosito/gotenv"
  packages = ["."]
  pruneopts = ""
  revision = "2ef7124db659d49edac6aa459693a15ae36c671a"
  version = "v1.2.0"

[[projects]]
  digest = "1:0a9834d471916f392c608d4f13225444d47b6b7a0378dce1aef683d83711179f"
  name = "github.com/syndtr/goleveldb"
  packages = [
    "leveldb",
    "leveldb/cache",
    "leveldb/comparer",
    "leveldb/errors",
    "leveldb/filter",
    "leveldb/iterator",
    "leveldb/journal",
    "leveldb/memdb",
    "leveldb/opt",
    "leveldb/storage",
    "leveldb/table",
    "leveldb/util",
  ]
  pruneopts = ""
  revision = "9d007e481048296f09f59bd19bb7ae584563cd95"
  version = "v1.0.0"

[[projects]]
  digest = "1:b3f3a84971b766577f60e5a195c14455c0d9c6f88c2e76d6ab071b3a015b6690"
  name = "github.com/tecbot/gorocksdb"
  packages = ["."]
  pruneopts = ""
  revision = "f0fad39f321c61bf05fcb4a01fe259606235e712"
  version = "v5.0"

[[projects]]
  digest = "1:981793303da9973e64e55a8cbb175ce3e0f50f9399c5af4f4bd0ab66ec703f07"
  name = "github.com/tendermint/go-amino"
  packages = ["."]
  pruneopts = ""
  revision = "af639981f2806e306c94403f45df50097d0168a8"
  version = "v0.15.1"

[[projects]]
  branch = "release/v0.33.5"
  digest = "1:f2ab7fb9949d32cb09419cee4aca6cca1da9b0776c0808f8858e74dc5b43df50"
  name = "github.com/tendermint/tendermint"
  packages = [
    "abci/client",
    "abci/example/code",
    "abci/example/counter",
    "abci/example/kvstore",
    "abci/types",
    "behaviour",
    "blockchain/v0",
    "blockchain/v1",
    "blockchain/v2",
    "config",
    "consensus",
    "consensus/types",
    "crypto",
    "crypto/ed25519",
    "crypto/encoding",
    "crypto/encoding/amino",
    "crypto/merkle",
    "crypto/multisig",
    "crypto/multisig/bitarray",
    "crypto/secp256k1",
    "crypto/secp256k1/internal/secp256k1",
    "crypto/sr25519",
    "crypto/tmhash",
    "evidence",
    "libs/async",
    "libs/autofile",
    "libs/bits",
    "libs/bytes",
    "libs/cli/flags",
    "libs/clist",
    "libs/cmap",
    "libs/events",
    "libs/fail",
    "libs/flowrate",
    "libs/kv",
    "libs/log",
    "libs/math",
    "libs/net",
    "libs/os",
    "libs/pubsub",
    "libs/pubsub/query",
    "libs/rand",
    "libs/service",
    "libs/strings",
    "libs/tempfile",
    "libs/timer",
    "mempool",
    "mock",
    "node",
    "p2p",
    "p2p/conn",
    "p2p/pex",
    "privval",
    "proto/crypto/keys",
    "proto/crypto/merkle",
    "proto/libs/bits",
    "proto/types",
    "proto/version",
    "proxy",
    "rpc/client",
    "rpc/client/http",
    "rpc/core",
    "rpc/core/types",
    "rpc/grpc",
    "rpc/jsonrpc/client",
    "rpc/jsonrpc/server",
    "rpc/jsonrpc/types",
    "state",
    "state/txindex",
    "state/txindex/kv",
    "state/txindex/null",
    "store",
    "types",
    "types/time",
    "version",
  ]
  pruneopts = ""
  revision = "9ee3e4896bf89c7f8481af0091f9511658a33043"

[[projects]]
  digest = "1:940f602d4ad7cf5c67f53fabe0e4e720b50c43767311397f17539282a9d948ee"
  name = "github.com/tendermint/tm-db"
  packages = ["."]
  pruneopts = ""
  revision = "70c30a7d63dbd00e0fe92b7c626beb29ad83248e"

[[projects]]
  branch = "master"
  digest = "1:9c2bc2263b3c81abf8ae29258c5bafca98fad85fc89a564f1a38591dd78940da"
  name = "golang.org/x/crypto"
  packages = [
    "blake2b",
    "chacha20",
    "chacha20poly1305",
    "curve25519",
    "ed25519",
    "ed25519/internal/edwards25519",
    "hkdf",
    "internal/subtle",
    "nacl/box",
    "nacl/secretbox",
    "pbkdf2",
    "poly1305",
    "ripemd160",
    "salsa20/salsa",
    "scrypt",
    "sha3",
    "ssh/terminal",
  ]
  pruneopts = ""
  revision = "70a84ac30bf957c7df57edd1935d2081871515e1"

[[projects]]
  digest = "1:ba49944a3238ae8f163c85b6d01d2db51cd5b09807105a3cfaacbd414744ca82"
  name = "golang.org/x/mod"
  packages = ["semver"]
  pruneopts = ""
  revision = "859b3ef565e237f9f1a0fb6b55385c497545680d"
  version = "v0.3.0"

[[projects]]
  branch = "master"
  digest = "1:7254fd3f1a6e5ae98ab721ce6f3f09a79a59d3a1426e045fabc2548101e37333"
  name = "golang.org/x/net"
  packages = [
    "bpf",
    "context",
    "http/httpguts",
    "http2",
    "http2/hpack",
    "idna",
    "internal/iana",
    "internal/socket",
    "internal/socks",
    "internal/timeseries",
    "ipv4",
    "ipv6",
    "netutil",
    "proxy",
    "trace",
  ]
  pruneopts = ""
  revision = "627f9648deb96c27737b83199d44bb5c1010cbcf"

[[projects]]
  branch = "master"
  digest = "1:2f13557a4f38b156fad66bda9a10ef513935b8f94d1a2830548d671c40cb6c3e"
  name = "golang.org/x/sys"
  packages = [
    "cpu",
    "internal/unsafeheader",
    "unix",
    "windows",
  ]
  pruneopts = ""
  revision = "f1bc736245b146b19d485cdbc534f9a765257080"

[[projects]]
  digest = "1:fccda34e4c58111b1908d8d69bf8d57c41c8e2542bc18ec8cd38c4fa21057f71"
  name = "golang.org/x/text"
  packages = [
    "collate",
    "collate/build",
    "internal/colltab",
    "internal/gen",
    "internal/language",
    "internal/language/compact",
    "internal/tag",
    "internal/triegen",
    "internal/ucd",
    "language",
    "secure/bidirule",
    "transform",
    "unicode/bidi",
    "unicode/cldr",
    "unicode/norm",
    "unicode/rangetable",
  ]
  pruneopts = ""
  revision = "23ae387dee1f90d29a23c0e87ee0b46038fbed0e"
  version = "v0.3.3"

[[projects]]
  branch = "master"
  digest = "1:178e6a9f09b8cbf22777e213e38c9008ee1a83472cb4818b3f4ee694a10fcdbc"
  name = "golang.org/x/tools"
  packages = [
    "go/ast/astutil",
    "go/gcexportdata",
    "go/internal/gcimporter",
    "go/internal/packagesdriver",
    "go/packages",
    "go/types/typeutil",
    "internal/event",
    "internal/event/core",
    "internal/event/keys",
    "internal/event/label",
    "internal/gocommand",
    "internal/packagesinternal",
    "internal/typesinternal",
  ]
  pruneopts = ""
  revision = "037be6a06566c79b0bf19b5ef8c0a465f5cc9ee6"

[[projects]]
  branch = "master"
  digest = "1:9d4ac09a835404ae9306c6e1493cf800ecbb0f3f828f4333b3e055de4c962eea"
  name = "golang.org/x/xerrors"
  packages = [
    ".",
    "internal",
  ]
  pruneopts = ""
  revision = "9bdfabe68543c54f90421aeb9a60ef8061b5b544"

[[projects]]
  branch = "master"
  digest = "1:5a993cb522f7fec86db3d4abd760a7fbd9bd802d7608cf3291745f8416fe78b4"
  name = "google.golang.org/genproto"
  packages = [
    "googleapis/api/annotations",
    "googleapis/api/httpbody",
    "googleapis/rpc/status",
    "protobuf/field_mask",
  ]
  pruneopts = ""
  revision = "3e7fca5c55db033077adf50ba2be6a42ce961b58"

[[projects]]
  digest = "1:ecabf4625300878ef042c7cd4d492770a69aebbc81d43916e582af060a11597a"
  name = "google.golang.org/grpc"
  packages = [
    ".",
    "attributes",
    "backoff",
    "balancer",
    "balancer/base",
    "balancer/roundrobin",
    "binarylog/grpc_binarylog_v1",
    "codes",
    "connectivity",
    "credentials",
    "credentials/internal",
    "encoding",
    "encoding/proto",
    "grpclog",
    "internal",
    "internal/backoff",
    "internal/balancerload",
    "internal/binarylog",
    "internal/buffer",
    "internal/channelz",
    "internal/envconfig",
    "internal/grpclog",
    "internal/grpcrand",
    "internal/grpcsync",
    "internal/grpcutil",
    "internal/resolver/dns",
    "internal/resolver/passthrough",
    "internal/status",
    "internal/syscall",
    "internal/transport",
    "keepalive",
    "metadata",
    "naming",
    "peer",
    "resolver",
    "serviceconfig",
    "stats",
    "status",
    "tap",
  ]
  pruneopts = ""
  revision = "754ee590a4f386d0910d887f3b8776354042260b"
  version = "v1.29.1"

[[projects]]
  digest = "1:7579d802036911f3a087652830860739fcd8a03967ad5a3531e190aefe647f9d"
  name = "google.golang.org/protobuf"
  packages = [
    "encoding/protojson",
    "encoding/prototext",
    "encoding/protowire",
    "internal/descfmt",
    "internal/descopts",
    "internal/detectknown",
    "internal/detrand",
    "internal/encoding/defval",
    "internal/encoding/json",
    "internal/encoding/messageset",
    "internal/encoding/tag",
    "internal/encoding/text",
    "internal/errors",
    "internal/fieldnum",
    "internal/fieldsort",
    "internal/filedesc",
    "internal/filetype",
    "internal/flags",
    "internal/genname",
    "internal/impl",
    "internal/mapsort",
    "internal/pragma",
    "internal/set",
    "internal/strs",
    "internal/version",
    "proto",
    "reflect/protodesc",
    "reflect/protoreflect",
    "reflect/protoregistry",
    "runtime/protoiface",
    "runtime/protoimpl",
    "types/descriptorpb",
    "types/known/anypb",
    "types/known/durationpb",
    "types/known/fieldmaskpb",
    "types/known/timestamppb",
    "types/known/wrapperspb",
  ]
  pruneopts = ""
  revision = "5c3dd7024aed895adfe053f26b5a479e991cbca9"
  version = "v1.24.0"

[[projects]]
  digest = "1:6e33aad38842c1b02b44ebd73ec2d0a81e30945a1db0d30fefbe7b884171bffd"
  name = "gopkg.in/errgo.v1"
  packages = ["."]
  pruneopts = ""
  revision = "08dc5b27f5ced65786776ec936b4298445ec70cf"
  version = "v1.0.1"

[[projects]]
  digest = "1:78352fac99083096150f45af03d0eca1576dbc8f849acb6db7d96134c9f497a1"
  name = "gopkg.in/ini.v1"
  packages = ["."]
  pruneopts = ""
  revision = "1fc6efb6f20ef065ae00baf7f4fa7722cad0ec34"
  version = "v1.57.0"

[[projects]]
  digest = "1:686d98479d2f14d854702f1c9551dd65c7d7104f267997137ad3f225e6a49f26"
  name = "gopkg.in/macaroon-bakery.v2"
  packages = [
    "bakery",
    "bakery/checkers",
    "bakery/internal/macaroonpb",
  ]
  pruneopts = ""
  revision = "a579e84ffcea3a8445417499d23899b612f2de47"
  version = "v2.2.0"

[[projects]]
  digest = "1:7811982c180c7bd1377f5342c1ed8ea385180fa5fb468eabb172244a2edff612"
  name = "gopkg.in/macaroon.v2"
  packages = ["."]
  pruneopts = ""
  revision = "1679699b0b723e05f9f16c45b4c6cbd46adb2c78"
  version = "v2.1.0"

[[projects]]
  digest = "1:7d897a9344f0392e5b211b2b4bf4f2995fa42c4ffe2c3a48efbf9c600173fd2e"
  name = "gopkg.in/throttled/throttled.v2"
  packages = [
    ".",
    "store/memstore",
  ]
  pruneopts = ""
  revision = "b5675e93f9d999b22f92d859a5bf2138d3641af4"
  version = "v2.0.3"

[[projects]]
  digest = "1:43eca683d801087f3acacfd036474638bc5e293ff6078758d710d99c40ec3f7c"
  name = "gopkg.in/yaml.v2"
  packages = ["."]
  pruneopts = ""
  revision = "0b1645d91e851e735d3e23330303ce81f70adbe3"
  version = "v2.3.0"

[[projects]]
  branch = "v3"
  digest = "1:2e9c4d6def1d36dcd17730e00c06b49a2e97ea5e1e639bcd24fa60fa43e33ad6"
  name = "gopkg.in/yaml.v3"
  packages = ["."]
  pruneopts = ""
  revision = "eeeca48fe7764f320e4870d231902bf9c1be2c08"

[solve-meta]
  analyzer-name = "dep"
  analyzer-version = 1
  input-imports = [
    "github.com/btcsuite/btcd/blockchain",
    "github.com/btcsuite/btcd/txscript",
    "github.com/btcsuite/btcd/wire",
    "github.com/btcsuite/btcutil",
    "github.com/chainpoint/tendermint/abci/example/code",
    "github.com/drand/drand/client",
    "github.com/drand/drand/client/grpc",
    "github.com/drand/drand/key",
    "github.com/ethereum/go-ethereum/common",
    "github.com/go-redis/redis",
    "github.com/google/uuid",
    "github.com/gorilla/mux",
    "github.com/knq/pemutil",
    "github.com/lestrrat-go/jwx/jwk",
    "github.com/lib/pq",
    "github.com/lightningnetwork/lnd/lncfg",
    "github.com/lightningnetwork/lnd/lnrpc",
    "github.com/lightningnetwork/lnd/lnrpc/signrpc",
    "github.com/lightningnetwork/lnd/lnrpc/walletrpc",
    "github.com/lightningnetwork/lnd/macaroons",
    "github.com/spf13/viper",
    "github.com/streadway/amqp",
    "github.com/stretchr/testify/assert",
    "github.com/tendermint/tendermint/abci/example/code",
    "github.com/tendermint/tendermint/abci/types",
    "github.com/tendermint/tendermint/config",
    "github.com/tendermint/tendermint/crypto/ed25519",
    "github.com/tendermint/tendermint/libs/cli/flags",
    "github.com/tendermint/tendermint/libs/kv",
    "github.com/tendermint/tendermint/libs/log",
    "github.com/tendermint/tendermint/libs/os",
    "github.com/tendermint/tendermint/node",
    "github.com/tendermint/tendermint/p2p",
    "github.com/tendermint/tendermint/privval",
    "github.com/tendermint/tendermint/proxy",
    "github.com/tendermint/tendermint/rpc/client/http",
    "github.com/tendermint/tendermint/rpc/core/types",
    "github.com/tendermint/tendermint/types",
    "github.com/tendermint/tendermint/types/time",
    "github.com/tendermint/tendermint/version",
    "github.com/tendermint/tm-db",
    "google.golang.org/grpc",
    "google.golang.org/grpc/credentials",
    "gopkg.in/macaroon.v2",
    "gopkg.in/throttled/throttled.v2",
    "gopkg.in/throttled/throttled.v2/store/memstore",
  ]
  solver-name = "gps-cdcl"
  solver-version = 1
