# This file is autogenerated, do not edit; changes may be undone by the next 'dep ensure'.


[[projects]]
  branch = "master"
  name = "github.com/aead/chacha20"
  packages = [".","chacha"]
  revision = "8b13a72661dae6e9e5dea04f344f0dc95ea29547"

[[projects]]
  name = "github.com/aead/siphash"
  packages = ["."]
  revision = "83563a290f60225eb120d724600b9690c3fb536f"
  version = "v1.0.1"

[[projects]]
  name = "github.com/beorn7/perks"
  packages = ["quantile"]
  revision = "3a771d992973f24aa725d07868b467d1ddfceafb"

[[projects]]
  name = "github.com/btcsuite/btcd"
  packages = ["addrmgr","blockchain","btcec","btcjson","chaincfg","chaincfg/chainhash","connmgr","database","integration/rpctest","peer","rpcclient","txscript","wire"]
  revision = "d0558925999c46be45898fe27ac0085a076ef15d"

[[projects]]
  branch = "master"
  name = "github.com/btcsuite/btclog"
  packages = ["."]
  revision = "84c8d2346e9fc8c7b947e243b9c24e6df9fd206a"

[[projects]]
  branch = "master"
  name = "github.com/btcsuite/btcutil"
  packages = [".","base58","bech32","gcs","gcs/builder","hdkeychain","txsort"]
  revision = "9e5f4b9a998d263e3ce9c56664a7816001ac8000"

[[projects]]
  name = "github.com/btcsuite/btcwallet"
  packages = ["chain","internal/legacy/keystore","internal/legacy/rename","internal/prompt","internal/zero","snacl","waddrmgr","wallet","wallet/txauthor","wallet/txrules","wallet/txsizes","walletdb","walletdb/migration","wtxmgr"]
  revision = "d7d2f14d61f3b9569a46243a18a6ed7ea2192d0e"

[[projects]]
  branch = "master"
  name = "github.com/btcsuite/go-socks"
  packages = ["socks"]
  revision = "4720035b7bfd2a9bb130b1c184f8bbe41b6f0d0f"

[[projects]]
  branch = "master"
  name = "github.com/btcsuite/websocket"
  packages = ["."]
  revision = "31079b6807923eb23992c421b114992b95131b55"

[[projects]]
  branch = "master"
  name = "github.com/chainpoint/go-nist-beacon"
  packages = ["."]
  revision = "7779b0805bdd6c658bda68f750c0e3996ac57156"

[[projects]]
  branch = "master"
  name = "github.com/chainpoint/tendermint"
  packages = ["abci/client","abci/example/code","abci/example/counter","abci/example/kvstore","abci/types","blockchain","config","consensus","consensus/types","crypto","crypto/ed25519","crypto/encoding/amino","crypto/merkle","crypto/multisig","crypto/multisig/bitarray","crypto/secp256k1","crypto/secp256k1/internal/secp256k1","crypto/tmhash","evidence","gossip","libs/autofile","libs/cli/flags","libs/clist","libs/common","libs/db","libs/events","libs/fail","libs/flowrate","libs/log","libs/pubsub","libs/pubsub/query","mempool","node","p2p","p2p/conn","p2p/pex","privval","proxy","rpc/client","rpc/core","rpc/core/types","rpc/grpc","rpc/lib/client","rpc/lib/server","rpc/lib/types","state","state/txindex","state/txindex/kv","state/txindex/null","types","types/time","version"]
  revision = "130bfeabd4967eb00a99c41c440742381fae09bb"

[[projects]]
  branch = "master"
  name = "github.com/coreos/bbolt"
  packages = ["."]
  revision = "7f8bb47fcaf8eaa817f8aad11c9c28b58215b66f"

[[projects]]
  name = "github.com/davecgh/go-spew"
  packages = ["spew"]
  revision = "8991bc29aa16c548c550c7ff78260e27b9ab7c73"
  version = "v1.1.1"

[[projects]]
  name = "github.com/ethereum/go-ethereum"
  packages = ["common","common/hexutil"]
  revision = "216bd2ceba2eb1708b7bdc7d69cf2984ff972cbf"

[[projects]]
  name = "github.com/fsnotify/fsnotify"
  packages = ["."]
  revision = "1485a34d5d5723fea214f5710708e19a831720e4"

[[projects]]
  branch = "master"
  name = "github.com/go-errors/errors"
  packages = ["."]
  revision = "d98b870cc4e05f1545532a80e9909be8216095b6"

[[projects]]
  name = "github.com/go-kit/kit"
  packages = ["log","log/level","log/term","metrics","metrics/discard","metrics/internal/lv","metrics/prometheus"]
  revision = "4dc7be5d2d12881735283bcab7352178e190fc71"
  version = "v0.6.0"

[[projects]]
  name = "github.com/go-logfmt/logfmt"
  packages = ["."]
  revision = "07c9b44f60d7ffdfb7d8efe1ad539965737836dc"
  version = "v0.4.0"

[[projects]]
  name = "github.com/go-redis/redis"
  packages = [".","internal","internal/consistenthash","internal/hashtag","internal/pool","internal/proto","internal/util"]
  revision = "32270910878445e8a59872fd11a8a734db16a1b5"

[[projects]]
  name = "github.com/go-stack/stack"
  packages = ["."]
  revision = "2fee6af1a9795aafbe0253a0cfbdf668e1fb8a9a"
  version = "v1.8.0"

[[projects]]
  name = "github.com/gogo/protobuf"
  packages = ["gogoproto","jsonpb","proto","protoc-gen-gogo/descriptor","sortkeys","types"]
  revision = "ba06b47c162d49f2af050fb4c75bcbc86a159d5c"
  version = "v1.2.1"

[[projects]]
  name = "github.com/golang/protobuf"
  packages = ["descriptor","jsonpb","proto","protoc-gen-go/descriptor","ptypes","ptypes/any","ptypes/duration","ptypes/struct","ptypes/timestamp","ptypes/wrappers"]
  revision = "b5d812f8a3706043e23a9cd5babf2e5423744d30"
  version = "v1.3.1"

[[projects]]
  name = "github.com/golang/snappy"
  packages = ["."]
  revision = "2a8bb927dd31d8daada140a5d09578521ce5c36a"
  version = "v0.0.1"

[[projects]]
  name = "github.com/google/uuid"
  packages = ["."]
  revision = "0cd6bf5da1e1c83f8b45653022c74f71af0538a4"
  version = "v1.1.1"

[[projects]]
  name = "github.com/gorilla/websocket"
  packages = ["."]
  revision = "c3e18be99d19e6b3e8f1559eea2c161a665c4b6b"
  version = "v1.4.1"

[[projects]]
  branch = "master"
  name = "github.com/grpc-ecosystem/grpc-gateway"
  packages = ["internal","runtime","utilities"]
  revision = "9087bb89f1e0b10d3aa6d5bc12641f36cc192733"

[[projects]]
  name = "github.com/hashicorp/hcl"
  packages = [".","hcl/ast","hcl/parser","hcl/printer","hcl/scanner","hcl/strconv","hcl/token","json/parser","json/scanner","json/token"]
  revision = "65a6292f0157eff210d03ed1bf6c59b190b8b906"

[[projects]]
  branch = "master"
  name = "github.com/jacohend/lnd"
  packages = ["lncfg","macaroons"]
  revision = "384fe749341228d3d72f8c17ec0db81da7b16674"

[[projects]]
  name = "github.com/jmhodges/levigo"
  packages = ["."]
  revision = "853d788c5c416eaaee5b044570784a96c7a26975"
  version = "v1.0.0"

[[projects]]
  name = "github.com/jrick/logrotate"
  packages = ["rotator"]
  revision = "a93b200c26cbae3bb09dd0dc2c7c7fe1468a034a"
  version = "v1.0.0"

[[projects]]
  branch = "master"
  name = "github.com/juju/loggo"
  packages = ["."]
  revision = "6e530bcce5d8e1b51b8e5ee7f08a455cd0a8c2e5"

[[projects]]
  name = "github.com/kkdai/bstream"
  packages = ["."]
  revision = "a8d27c5aa8eedad6b6683069d64b96ece63696db"
  version = "v1.0.0"

[[projects]]
  branch = "master"
  name = "github.com/knq/pemutil"
  packages = ["."]
  revision = "fb6fad722528d308d5fbc9f39e0a9644905ee1cb"

[[projects]]
  branch = "master"
  name = "github.com/kr/logfmt"
  packages = ["."]
  revision = "b84e30acd515aadc4b783ad4ff83aff3299bdfe0"

[[projects]]
  name = "github.com/lestrrat-go/jwx"
  packages = ["internal/base64","internal/option","jwa","jwk"]
  revision = "32eeb2c5e6858d4225899310d3b99292f3d19f92"

[[projects]]
  name = "github.com/lib/pq"
  packages = [".","oid","scram"]
  revision = "51e2106eed1cea199c802d2a49e91e2491b02056"
  version = "v1.1.0"

[[projects]]
  branch = "master"
  name = "github.com/lightninglabs/gozmq"
  packages = ["."]
  revision = "d20a764486bf506bc045642e455bc7f0d21b232a"

[[projects]]
  name = "github.com/lightninglabs/neutrino"
  packages = [".","banman","blockntfns","cache","cache/lru","chainsync","filterdb","headerfs","headerlist","pushtx","query"]
  revision = "e6008cebf1d97fc49e468d8caa8b6eb13f27cbe1"
  version = "v0.11.0"

[[projects]]
  branch = "master"
  name = "github.com/lightningnetwork/lightning-onion"
  packages = ["."]
  revision = "850081b08b6af55aafd933f8e2b26e457a1f0767"

[[projects]]
  name = "github.com/lightningnetwork/lnd"
  packages = ["brontide","build","chainntnfs","channeldb","channeldb/migration12","channeldb/migration_01_to_11","input","keychain","lnrpc","lnrpc/signrpc","lnrpc/walletrpc","lntypes","lnwallet","lnwallet/chainfee","lnwallet/chanvalidate","lnwire","macaroons","queue","record","routing/route","shachain","sweep","ticker","tlv","tor","watchtower","watchtower/blob","watchtower/lookout","watchtower/wtdb","watchtower/wtpolicy","watchtower/wtserver","watchtower/wtwire","zpay32"]
  revision = "949a5c5a04a1d2ab239be5732fd1c6796f51e344"

[[projects]]
  branch = "master"
  name = "github.com/ltcsuite/ltcd"
  packages = ["chaincfg","chaincfg/chainhash","wire"]
  revision = "e27ee083f08fb84aefb7c849cf2e3ece0f69ac6a"

[[projects]]
  name = "github.com/magiconair/properties"
  packages = ["."]
  revision = "7757cc9fdb852f7579b24170bcacda2c7471bb6a"

[[projects]]
  branch = "master"
  name = "github.com/matttproud/golang_protobuf_extensions"
  packages = ["pbutil"]
  revision = "c182affec369e30f25d3eb8cd8a478dee585ae7d"

[[projects]]
  branch = "master"
  name = "github.com/miekg/dns"
  packages = ["."]
  revision = "9b7437f11d75979ac166ebd0780edd96e62d5145"

[[projects]]
  name = "github.com/mitchellh/mapstructure"
  packages = ["."]
  revision = "3536a929edddb9a5b34bd6861dc4a9647cb459fe"
  version = "v1.1.2"

[[projects]]
  name = "github.com/pelletier/go-toml"
  packages = ["."]
  revision = "65b27e6823c427415d156c92d7034dd57a154cf8"

[[projects]]
  name = "github.com/pkg/errors"
  packages = ["."]
  revision = "ba968bfe8b2f7e042a574c888954fccecfa385b4"
  version = "v0.8.1"

[[projects]]
  name = "github.com/pmezard/go-difflib"
  packages = ["difflib"]
  revision = "792786c7400a136282c1664665ae0a8db921c6c2"
  version = "v1.0.0"

[[projects]]
  name = "github.com/prometheus/client_golang"
  packages = ["prometheus","prometheus/internal","prometheus/promhttp"]
  revision = "2daed26f633ce23fab5efc02fb3f2e803b3526c3"

[[projects]]
  name = "github.com/prometheus/client_model"
  packages = ["go"]
  revision = "fd36f4220a901265f90734c3183c5f0c91daa0b8"

[[projects]]
  name = "github.com/prometheus/common"
  packages = ["expfmt","internal/bitbucket.org/ww/goautoneg","model"]
  revision = "bf857faf208676b0294bd49959aa34c8d98163ed"

[[projects]]
  name = "github.com/prometheus/procfs"
  packages = [".","internal/util","iostats","nfs","xfs"]
  revision = "1d896f760190977cbbe89c133358f960e9261d5c"

[[projects]]
  name = "github.com/rcrowley/go-metrics"
  packages = ["."]
  revision = "3113b8401b8a98917cde58f8bbd42a1b1c03b1fd"

[[projects]]
  name = "github.com/rogpeppe/fastuuid"
  packages = ["."]
  revision = "10c3923834d38e951ae8f627bfec2dc632c5b6cb"
  version = "v1.2.0"

[[projects]]
  name = "github.com/rs/cors"
  packages = ["."]
  revision = "db0fe48135e83b5812a5a31be0eea66984b1b521"
  version = "v1.7.0"

[[projects]]
  name = "github.com/spf13/afero"
  packages = [".","mem"]
  revision = "588a75ec4f32903aa5e39a2619ba6a4631e28424"
  version = "v1.2.2"

[[projects]]
  name = "github.com/spf13/cast"
  packages = ["."]
  revision = "8c9545af88b134710ab1cd196795e7f2388358d7"
  version = "v1.3.0"

[[projects]]
  name = "github.com/spf13/jwalterweatherman"
  packages = ["."]
  revision = "94f6ae3ed3bceceafa716478c5fbf8d29ca601a1"
  version = "v1.1.0"

[[projects]]
  name = "github.com/spf13/pflag"
  packages = ["."]
  revision = "24fa6976df40757dce6aea913e7b81ade90530e1"

[[projects]]
  name = "github.com/spf13/viper"
  packages = ["."]
  revision = "7a605a50e69cd1ea431c4a1e6eebe9b287ef6de4"

[[projects]]
  name = "github.com/streadway/amqp"
  packages = ["."]
  revision = "30f8ed68076eedf14990dafc696f469f58fc1342"

[[projects]]
  name = "github.com/stretchr/testify"
  packages = ["assert"]
  revision = "34c6fa2dc70986bccbbffcc6130f6920a924b075"

[[projects]]
  name = "github.com/syndtr/goleveldb"
  packages = ["leveldb","leveldb/cache","leveldb/comparer","leveldb/errors","leveldb/filter","leveldb/iterator","leveldb/journal","leveldb/memdb","leveldb/opt","leveldb/storage","leveldb/table","leveldb/util"]
  revision = "3a907f965fc16db5f7787e18d4434bbe46d47f6e"

[[projects]]
  name = "github.com/tendermint/go-amino"
  packages = ["."]
  revision = "dc14acf9ef15f85828bfbc561ed9dd9d2a284885"
  version = "v0.14.1"

[[projects]]
  name = "golang.org/x/crypto"
  packages = ["chacha20poly1305","curve25519","ed25519","ed25519/internal/edwards25519","hkdf","internal/chacha20","internal/subtle","nacl/box","nacl/secretbox","pbkdf2","poly1305","ripemd160","salsa20/salsa","scrypt","sha3","ssh/terminal"]
  revision = "8dd112bcdc25174059e45e07517d9fc663123347"

[[projects]]
  name = "golang.org/x/net"
  packages = ["bpf","context","http/httpguts","http2","http2/hpack","idna","internal/iana","internal/socket","internal/socks","internal/timeseries","ipv4","ipv6","netutil","proxy","trace"]
  revision = "16b79f2e4e95ea23b2bf9903c9809ff7b013ce85"

[[projects]]
  name = "golang.org/x/sys"
  packages = ["cpu","unix","windows"]
  revision = "e844e0132e93db857c984c24fd4fc86815e43be3"

[[projects]]
  name = "golang.org/x/text"
  packages = ["collate","collate/build","internal/colltab","internal/gen","internal/language","internal/language/compact","internal/tag","internal/triegen","internal/ucd","language","secure/bidirule","transform","unicode/bidi","unicode/cldr","unicode/norm","unicode/rangetable"]
  revision = "d14c52b222ee852cdba8b07206ca0c614b389876"

[[projects]]
  name = "google.golang.org/genproto"
  packages = ["googleapis/api/annotations","googleapis/api/httpbody","googleapis/rpc/status","protobuf/field_mask"]
  revision = "4f5b463f9597cbe0dd13a6a2cd4f85e788d27508"

[[projects]]
  name = "google.golang.org/grpc"
  packages = [".","backoff","balancer","balancer/base","balancer/roundrobin","binarylog/grpc_binarylog_v1","codes","connectivity","credentials","credentials/internal","encoding","encoding/proto","grpclog","internal","internal/backoff","internal/balancerload","internal/binarylog","internal/buffer","internal/channelz","internal/envconfig","internal/grpcrand","internal/grpcsync","internal/resolver/dns","internal/resolver/passthrough","internal/syscall","internal/transport","keepalive","metadata","naming","peer","resolver","serviceconfig","stats","status","tap"]
  revision = "1a3960e4bd028ac0cec0a2afd27d7d8e67c11514"
  version = "v1.25.1"

[[projects]]
  name = "gopkg.in/errgo.v1"
  packages = ["."]
  revision = "08dc5b27f5ced65786776ec936b4298445ec70cf"
  version = "v1.0.1"

[[projects]]
  name = "gopkg.in/macaroon-bakery.v2"
  packages = ["bakery","bakery/checkers","bakery/internal/macaroonpb"]
  revision = "a0743b6619d68bbf8dc5cabbb49738b846f06080"
  version = "v2.1.0"

[[projects]]
  name = "gopkg.in/macaroon.v2"
  packages = ["."]
  revision = "1679699b0b723e05f9f16c45b4c6cbd46adb2c78"
  version = "v2.1.0"

[[projects]]
  name = "gopkg.in/yaml.v2"
  packages = ["."]
  revision = "51d6538a90f86fe93ac480b35f37b2be17fef232"
  version = "v2.2.2"

[solve-meta]
  analyzer-name = "dep"
  analyzer-version = 1
  inputs-digest = "a1f01f52d162b718059d00fcd3d215a256f2225dd2f58298f2f7b49ace1a97c2"
  solver-name = "gps-cdcl"
  solver-version = 1
